
Microsoft Visual Studio Solution File, Format Version 12.00
# Visual Studio Version 16
VisualStudioVersion = 16.0.31727.386
MinimumVisualStudioVersion = 10.0.40219.1
Project("{9A19103F-16F7-4668-BE54-9A1E7A4F7556}") = "library-manager", "library-manager\library-manager.csproj", "{3C49F7F0-F519-4322-BD23-82AB970213DC}"
EndProject
Project("{9A19103F-16F7-4668-BE54-9A1E7A4F7556}") = "view", "view\view.csproj", "{8E0939D1-1055-4BDE-A300-7475C08DE266}"
EndProject
Project("{FAE04EC0-301F-11D3-BF4B-00C04F79EFBC}") = "view-update", "view-update\view-update.csproj", "{9C0D0DD1-28B0-431D-A93C-F2574F367F7A}"
EndProject
Global
	GlobalSection(SolutionConfigurationPlatforms) = preSolution
		Debug|Any CPU = Debug|Any CPU
		Release|Any CPU = Release|Any CPU
	EndGlobalSection
	GlobalSection(ProjectConfigurationPlatforms) = postSolution
		{3C49F7F0-F519-4322-BD23-82AB970213DC}.Debug|Any CPU.ActiveCfg = Debug|Any CPU
		{3C49F7F0-F519-4322-BD23-82AB970213DC}.Debug|Any CPU.Build.0 = Debug|Any CPU
		{3C49F7F0-F519-4322-BD23-82AB970213DC}.Release|Any CPU.ActiveCfg = Release|Any CPU
		{3C49F7F0-F519-4322-BD23-82AB970213DC}.Release|Any CPU.Build.0 = Release|Any CPU
		{8E0939D1-1055-4BDE-A300-7475C08DE266}.Debug|Any CPU.ActiveCfg = Debug|Any CPU
		{8E0939D1-1055-4BDE-A300-7475C08DE266}.Debug|Any CPU.Build.0 = Debug|Any CPU
		{8E0939D1-1055-4BDE-A300-7475C08DE266}.Release|Any CPU.ActiveCfg = Release|Any CPU
		{8E0939D1-1055-4BDE-A300-7475C08DE266}.Release|Any CPU.Build.0 = Release|Any CPU
		{9C0D0DD1-28B0-431D-A93C-F2574F367F7A}.Debug|Any CPU.ActiveCfg = Debug|Any CPU
		{9C0D0DD1-28B0-431D-A93C-F2574F367F7A}.Debug|Any CPU.Build.0 = Debug|Any CPU
		{9C0D0DD1-28B0-431D-A93C-F2574F367F7A}.Release|Any CPU.ActiveCfg = Release|Any CPU
		{9C0D0DD1-28B0-431D-A93C-F2574F367F7A}.Release|Any CPU.Build.0 = Release|Any CPU
	EndGlobalSection
	GlobalSection(SolutionProperties) = preSolution
		HideSolutionNode = FALSE
	EndGlobalSection
	GlobalSection(ExtensibilityGlobals) = postSolution
		SolutionGuid = {C013791F-304B-429F-BD3D-F9D4A48188C3}
	EndGlobalSection
EndGlobal
